{
  "name": "@ckeditor/ckeditor5-build-decoupled-document",
  "version": "31.0.0",
  "lockfileVersion": 1,
  "requires": true,
  "dependencies": {
    "@webpack-cli/serve": {
      "version": "1.6.0",
      "resolved": "https://registry.npmjs.org/@webpack-cli/serve/-/serve-1.6.0.tgz",
      "integrity": "sha512-ZkVeqEmRpBV2GHvjjUZqEai2PpUbuq8Bqd//vEYsp63J8WyexI8ppCqVS3Zs0QADf6aWuPdU+0XsPI647PVlQA==",
      "dev": true
    }
  }
}
